// !$*UTF8*$!
{
	archiveVersion = 1;
	classes = {
	};
	objectVersion = 51;
	objects = {

/* Begin PBXBuildFile section */
		503CF0E6258B5E47008AC9D7 /* AvatarView.swift in Sources */ = {isa = PBXBuildFile; fileRef = 503CF0E5258B5E47008AC9D7 /* AvatarView.swift */; };
		505C6202258CD42700BE727B /* BackGroundAvatarView.swift in Sources */ = {isa = PBXBuildFile; fileRef = 505C6201258CD42700BE727B /* BackGroundAvatarView.swift */; };
		505C6206258F3CDA00BE727B /* LikeControl.swift in Sources */ = {isa = PBXBuildFile; fileRef = 505C6205258F3CDA00BE727B /* LikeControl.swift */; };
		50EF397E258770B400E80D78 /* CurrentUserView.swift in Sources */ = {isa = PBXBuildFile; fileRef = 50EF397D258770B400E80D78 /* CurrentUserView.swift */; };
		C110531D25B0D7C30035979E /* ThreeDotLoadingIndicator.swift in Sources */ = {isa = PBXBuildFile; fileRef = C110531C25B0D7C30035979E /* ThreeDotLoadingIndicator.swift */; };
		C12B4E66261746F3007BEAC3 /* GetFriendsOperation.swift in Sources */ = {isa = PBXBuildFile; fileRef = C12B4E65261746F3007BEAC3 /* GetFriendsOperation.swift */; };
		C12B4E6D261749BB007BEAC3 /* AsyncOperation.swift in Sources */ = {isa = PBXBuildFile; fileRef = C12B4E6C261749BB007BEAC3 /* AsyncOperation.swift */; };
		C12B4E7126174DDB007BEAC3 /* DataParseOperation.swift in Sources */ = {isa = PBXBuildFile; fileRef = C12B4E7026174DDB007BEAC3 /* DataParseOperation.swift */; };
		C12B4E742617525D007BEAC3 /* AddRealmObjectsOperation.swift in Sources */ = {isa = PBXBuildFile; fileRef = C12B4E732617525D007BEAC3 /* AddRealmObjectsOperation.swift */; };
		C12B4E7A2619010E007BEAC3 /* ReloadFriendsTableOperation.swift in Sources */ = {isa = PBXBuildFile; fileRef = C12B4E792619010E007BEAC3 /* ReloadFriendsTableOperation.swift */; };
		C13370EE25797EA2001A2A86 /* AppDelegate.swift in Sources */ = {isa = PBXBuildFile; fileRef = C13370ED25797EA2001A2A86 /* AppDelegate.swift */; };
		C13370F025797EA2001A2A86 /* SceneDelegate.swift in Sources */ = {isa = PBXBuildFile; fileRef = C13370EF25797EA2001A2A86 /* SceneDelegate.swift */; };
		C13370F525797EA2001A2A86 /* Main.storyboard in Resources */ = {isa = PBXBuildFile; fileRef = C13370F325797EA2001A2A86 /* Main.storyboard */; };
		C13370F725797EA5001A2A86 /* Assets.xcassets in Resources */ = {isa = PBXBuildFile; fileRef = C13370F625797EA5001A2A86 /* Assets.xcassets */; };
		C13370FA25797EA5001A2A86 /* LaunchScreen.storyboard in Resources */ = {isa = PBXBuildFile; fileRef = C13370F825797EA5001A2A86 /* LaunchScreen.storyboard */; };
		C13CCC662609B5530033D8C3 /* UserGroupController.swift in Sources */ = {isa = PBXBuildFile; fileRef = C13CCC652609B5530033D8C3 /* UserGroupController.swift */; };
		C13CCC6A2609B6F80033D8C3 /* UserGroupCell.swift in Sources */ = {isa = PBXBuildFile; fileRef = C13CCC692609B6F80033D8C3 /* UserGroupCell.swift */; };
		C13CCC70260B3C200033D8C3 /* NetNews.swift in Sources */ = {isa = PBXBuildFile; fileRef = C13CCC6F260B3C200033D8C3 /* NetNews.swift */; };
		C14ED60B25DFD37A00509292 /* FriendPhotoController.swift in Sources */ = {isa = PBXBuildFile; fileRef = C14ED60A25DFD37A00509292 /* FriendPhotoController.swift */; };
		C14ED60E25DFD41000509292 /* FriendPhotoCell.swift in Sources */ = {isa = PBXBuildFile; fileRef = C14ED60D25DFD41000509292 /* FriendPhotoCell.swift */; };
		C14ED61225DFD44600509292 /* ShowPhotoImageView.swift in Sources */ = {isa = PBXBuildFile; fileRef = C14ED61125DFD44600509292 /* ShowPhotoImageView.swift */; };
		C167F847260C4A9D009C2272 /* NetNewsController.swift in Sources */ = {isa = PBXBuildFile; fileRef = C167F846260C4A9D009C2272 /* NetNewsController.swift */; };
		C167F84C261256F1009C2272 /* NetPhotos.swift in Sources */ = {isa = PBXBuildFile; fileRef = C167F84B261256F1009C2272 /* NetPhotos.swift */; };
		C16983FC25E6704C000FD74F /* UsersDB.swift in Sources */ = {isa = PBXBuildFile; fileRef = C16983FB25E6704C000FD74F /* UsersDB.swift */; };
		C1A6C40425C8952100156FEB /* StartNetworkController.swift in Sources */ = {isa = PBXBuildFile; fileRef = C1A6C40325C8952100156FEB /* StartNetworkController.swift */; };
		C1A6C40825C898C100156FEB /* NetworkManager.swift in Sources */ = {isa = PBXBuildFile; fileRef = C1A6C40725C898C100156FEB /* NetworkManager.swift */; };
		C1AAF7A425DE4B5000339950 /* NetGroupVK.swift in Sources */ = {isa = PBXBuildFile; fileRef = C1AAF7A325DE4B5000339950 /* NetGroupVK.swift */; };
		C1AAF7B425DE908A00339950 /* FriendListController.swift in Sources */ = {isa = PBXBuildFile; fileRef = C1AAF7B325DE908A00339950 /* FriendListController.swift */; };
		C1AAF7B825DE910100339950 /* FriendsListCell.swift in Sources */ = {isa = PBXBuildFile; fileRef = C1AAF7B725DE910100339950 /* FriendsListCell.swift */; };
		C1AAF7BB25DE9AFF00339950 /* NetFriendsVK.swift in Sources */ = {isa = PBXBuildFile; fileRef = C1AAF7BA25DE9AFF00339950 /* NetFriendsVK.swift */; };
		C1B8788C25DCDD420000A3E9 /* NetUserVK.swift in Sources */ = {isa = PBXBuildFile; fileRef = C1B8788B25DCDD420000A3E9 /* NetUserVK.swift */; };
		C1B8789925DD128B0000A3E9 /* NetSession.swift in Sources */ = {isa = PBXBuildFile; fileRef = C1B8789825DD128B0000A3E9 /* NetSession.swift */; };
		C1E190B9260B5B0C00D80C17 /* NetNewsPostCell.swift in Sources */ = {isa = PBXBuildFile; fileRef = C1E190B7260B5B0C00D80C17 /* NetNewsPostCell.swift */; };
		C1E190BA260B5B0C00D80C17 /* NetNewsPostCell.xib in Resources */ = {isa = PBXBuildFile; fileRef = C1E190B8260B5B0C00D80C17 /* NetNewsPostCell.xib */; };
		C1E190BF260B6BA000D80C17 /* NewsDB.swift in Sources */ = {isa = PBXBuildFile; fileRef = C1E190BE260B6BA000D80C17 /* NewsDB.swift */; };
		D58CFA05E6610A2985397C6F /* Pods_LMapp_for_VK.framework in Frameworks */ = {isa = PBXBuildFile; fileRef = 1216D07A5A09E1708D74B9BA /* Pods_LMapp_for_VK.framework */; };
/* End PBXBuildFile section */

/* Begin PBXFileReference section */
		1216D07A5A09E1708D74B9BA /* Pods_LMapp_for_VK.framework */ = {isa = PBXFileReference; explicitFileType = wrapper.framework; includeInIndex = 0; path = Pods_LMapp_for_VK.framework; sourceTree = BUILT_PRODUCTS_DIR; };
		503CF0E5258B5E47008AC9D7 /* AvatarView.swift */ = {isa = PBXFileReference; lastKnownFileType = sourcecode.swift; path = AvatarView.swift; sourceTree = "<group>"; };
		505C6201258CD42700BE727B /* BackGroundAvatarView.swift */ = {isa = PBXFileReference; lastKnownFileType = sourcecode.swift; path = BackGroundAvatarView.swift; sourceTree = "<group>"; };
		505C6205258F3CDA00BE727B /* LikeControl.swift */ = {isa = PBXFileReference; lastKnownFileType = sourcecode.swift; path = LikeControl.swift; sourceTree = "<group>"; };
		50EF397D258770B400E80D78 /* CurrentUserView.swift */ = {isa = PBXFileReference; lastKnownFileType = sourcecode.swift; path = CurrentUserView.swift; sourceTree = "<group>"; };
		C110531C25B0D7C30035979E /* ThreeDotLoadingIndicator.swift */ = {isa = PBXFileReference; lastKnownFileType = sourcecode.swift; path = ThreeDotLoadingIndicator.swift; sourceTree = "<group>"; };
		C12B4E65261746F3007BEAC3 /* GetFriendsOperation.swift */ = {isa = PBXFileReference; lastKnownFileType = sourcecode.swift; path = GetFriendsOperation.swift; sourceTree = "<group>"; };
		C12B4E6C261749BB007BEAC3 /* AsyncOperation.swift */ = {isa = PBXFileReference; lastKnownFileType = sourcecode.swift; name = AsyncOperation.swift; path = LMapp_for_VK/NetApp/NetFriendsList/AsyncOperation.swift; sourceTree = SOURCE_ROOT; };
		C12B4E7026174DDB007BEAC3 /* DataParseOperation.swift */ = {isa = PBXFileReference; lastKnownFileType = sourcecode.swift; name = DataParseOperation.swift; path = LMapp_for_VK/NetApp/NetFriendsList/DataParseOperation.swift; sourceTree = SOURCE_ROOT; };
		C12B4E732617525D007BEAC3 /* AddRealmObjectsOperation.swift */ = {isa = PBXFileReference; lastKnownFileType = sourcecode.swift; name = AddRealmObjectsOperation.swift; path = LMapp_for_VK/NetApp/NetFriendsList/AddRealmObjectsOperation.swift; sourceTree = SOURCE_ROOT; };
		C12B4E792619010E007BEAC3 /* ReloadFriendsTableOperation.swift */ = {isa = PBXFileReference; lastKnownFileType = sourcecode.swift; path = ReloadFriendsTableOperation.swift; sourceTree = "<group>"; };
		C13370EA25797EA2001A2A86 /* LMapp_for_VK.app */ = {isa = PBXFileReference; explicitFileType = wrapper.application; includeInIndex = 0; path = LMapp_for_VK.app; sourceTree = BUILT_PRODUCTS_DIR; };
		C13370ED25797EA2001A2A86 /* AppDelegate.swift */ = {isa = PBXFileReference; lastKnownFileType = sourcecode.swift; path = AppDelegate.swift; sourceTree = "<group>"; };
		C13370EF25797EA2001A2A86 /* SceneDelegate.swift */ = {isa = PBXFileReference; lastKnownFileType = sourcecode.swift; path = SceneDelegate.swift; sourceTree = "<group>"; };
		C13370F425797EA2001A2A86 /* Base */ = {isa = PBXFileReference; lastKnownFileType = file.storyboard; name = Base; path = Base.lproj/Main.storyboard; sourceTree = "<group>"; };
		C13370F625797EA5001A2A86 /* Assets.xcassets */ = {isa = PBXFileReference; lastKnownFileType = folder.assetcatalog; path = Assets.xcassets; sourceTree = "<group>"; };
		C13370F925797EA5001A2A86 /* Base */ = {isa = PBXFileReference; lastKnownFileType = file.storyboard; name = Base; path = Base.lproj/LaunchScreen.storyboard; sourceTree = "<group>"; };
		C13370FB25797EA5001A2A86 /* Info.plist */ = {isa = PBXFileReference; lastKnownFileType = text.plist.xml; path = Info.plist; sourceTree = "<group>"; };
		C13CCC652609B5530033D8C3 /* UserGroupController.swift */ = {isa = PBXFileReference; lastKnownFileType = sourcecode.swift; path = UserGroupController.swift; sourceTree = "<group>"; };
		C13CCC692609B6F80033D8C3 /* UserGroupCell.swift */ = {isa = PBXFileReference; lastKnownFileType = sourcecode.swift; path = UserGroupCell.swift; sourceTree = "<group>"; };
		C13CCC6F260B3C200033D8C3 /* NetNews.swift */ = {isa = PBXFileReference; lastKnownFileType = sourcecode.swift; path = NetNews.swift; sourceTree = "<group>"; };
		C14ED60A25DFD37A00509292 /* FriendPhotoController.swift */ = {isa = PBXFileReference; lastKnownFileType = sourcecode.swift; path = FriendPhotoController.swift; sourceTree = "<group>"; };
		C14ED60D25DFD41000509292 /* FriendPhotoCell.swift */ = {isa = PBXFileReference; lastKnownFileType = sourcecode.swift; path = FriendPhotoCell.swift; sourceTree = "<group>"; };
		C14ED61125DFD44600509292 /* ShowPhotoImageView.swift */ = {isa = PBXFileReference; lastKnownFileType = sourcecode.swift; path = ShowPhotoImageView.swift; sourceTree = "<group>"; };
		C167F846260C4A9D009C2272 /* NetNewsController.swift */ = {isa = PBXFileReference; lastKnownFileType = sourcecode.swift; path = NetNewsController.swift; sourceTree = "<group>"; };
		C167F84B261256F1009C2272 /* NetPhotos.swift */ = {isa = PBXFileReference; lastKnownFileType = sourcecode.swift; path = NetPhotos.swift; sourceTree = "<group>"; };
		C16983FB25E6704C000FD74F /* UsersDB.swift */ = {isa = PBXFileReference; lastKnownFileType = sourcecode.swift; path = UsersDB.swift; sourceTree = "<group>"; };
		C1A6C40325C8952100156FEB /* StartNetworkController.swift */ = {isa = PBXFileReference; lastKnownFileType = sourcecode.swift; path = StartNetworkController.swift; sourceTree = "<group>"; };
		C1A6C40725C898C100156FEB /* NetworkManager.swift */ = {isa = PBXFileReference; lastKnownFileType = sourcecode.swift; path = NetworkManager.swift; sourceTree = "<group>"; };
		C1AAF7A325DE4B5000339950 /* NetGroupVK.swift */ = {isa = PBXFileReference; lastKnownFileType = sourcecode.swift; path = NetGroupVK.swift; sourceTree = "<group>"; };
		C1AAF7B325DE908A00339950 /* FriendListController.swift */ = {isa = PBXFileReference; lastKnownFileType = sourcecode.swift; path = FriendListController.swift; sourceTree = "<group>"; };
		C1AAF7B725DE910100339950 /* FriendsListCell.swift */ = {isa = PBXFileReference; lastKnownFileType = sourcecode.swift; path = FriendsListCell.swift; sourceTree = "<group>"; };
		C1AAF7BA25DE9AFF00339950 /* NetFriendsVK.swift */ = {isa = PBXFileReference; lastKnownFileType = sourcecode.swift; path = NetFriendsVK.swift; sourceTree = "<group>"; };
		C1B8788B25DCDD420000A3E9 /* NetUserVK.swift */ = {isa = PBXFileReference; lastKnownFileType = sourcecode.swift; path = NetUserVK.swift; sourceTree = "<group>"; };
		C1B8789825DD128B0000A3E9 /* NetSession.swift */ = {isa = PBXFileReference; lastKnownFileType = sourcecode.swift; path = NetSession.swift; sourceTree = "<group>"; };
		C1E190B7260B5B0C00D80C17 /* NetNewsPostCell.swift */ = {isa = PBXFileReference; lastKnownFileType = sourcecode.swift; path = NetNewsPostCell.swift; sourceTree = "<group>"; };
		C1E190B8260B5B0C00D80C17 /* NetNewsPostCell.xib */ = {isa = PBXFileReference; lastKnownFileType = file.xib; path = NetNewsPostCell.xib; sourceTree = "<group>"; };
		C1E190BE260B6BA000D80C17 /* NewsDB.swift */ = {isa = PBXFileReference; lastKnownFileType = sourcecode.swift; path = NewsDB.swift; sourceTree = "<group>"; };
		E4A0A60B685B44FC4EB2185E /* Pods-LMapp_for_VK.debug.xcconfig */ = {isa = PBXFileReference; includeInIndex = 1; lastKnownFileType = text.xcconfig; name = "Pods-LMapp_for_VK.debug.xcconfig"; path = "Target Support Files/Pods-LMapp_for_VK/Pods-LMapp_for_VK.debug.xcconfig"; sourceTree = "<group>"; };
		F18C15BD45F7CD8D8596F69D /* Pods-LMapp_for_VK.release.xcconfig */ = {isa = PBXFileReference; includeInIndex = 1; lastKnownFileType = text.xcconfig; name = "Pods-LMapp_for_VK.release.xcconfig"; path = "Target Support Files/Pods-LMapp_for_VK/Pods-LMapp_for_VK.release.xcconfig"; sourceTree = "<group>"; };
/* End PBXFileReference section */

/* Begin PBXFrameworksBuildPhase section */
		C13370E725797EA2001A2A86 /* Frameworks */ = {
			isa = PBXFrameworksBuildPhase;
			buildActionMask = 2147483647;
			files = (
				D58CFA05E6610A2985397C6F /* Pods_LMapp_for_VK.framework in Frameworks */,
			);
			runOnlyForDeploymentPostprocessing = 0;
		};
/* End PBXFrameworksBuildPhase section */

/* Begin PBXGroup section */
		139F926CB29118F9B832ECAF /* Pods */ = {
			isa = PBXGroup;
			children = (
				E4A0A60B685B44FC4EB2185E /* Pods-LMapp_for_VK.debug.xcconfig */,
				F18C15BD45F7CD8D8596F69D /* Pods-LMapp_for_VK.release.xcconfig */,
			);
			path = Pods;
			sourceTree = "<group>";
		};
		504E540D258CC5E20075D76A /* Customs */ = {
			isa = PBXGroup;
			children = (
				505C6205258F3CDA00BE727B /* LikeControl.swift */,
				503CF0E5258B5E47008AC9D7 /* AvatarView.swift */,
				505C6201258CD42700BE727B /* BackGroundAvatarView.swift */,
				C110531C25B0D7C30035979E /* ThreeDotLoadingIndicator.swift */,
				50EF397D258770B400E80D78 /* CurrentUserView.swift */,
			);
			path = Customs;
			sourceTree = "<group>";
		};
		87A5C4C8E3A914CBBE509449 /* Frameworks */ = {
			isa = PBXGroup;
			children = (
				1216D07A5A09E1708D74B9BA /* Pods_LMapp_for_VK.framework */,
			);
			name = Frameworks;
			sourceTree = "<group>";
		};
		C12B4E6B26174991007BEAC3 /* Operations */ = {
			isa = PBXGroup;
			children = (
				C12B4E6C261749BB007BEAC3 /* AsyncOperation.swift */,
				C12B4E65261746F3007BEAC3 /* GetFriendsOperation.swift */,
				C12B4E7026174DDB007BEAC3 /* DataParseOperation.swift */,
				C12B4E732617525D007BEAC3 /* AddRealmObjectsOperation.swift */,
				C12B4E792619010E007BEAC3 /* ReloadFriendsTableOperation.swift */,
			);
			path = Operations;
			sourceTree = "<group>";
		};
		C13370E125797EA2001A2A86 = {
			isa = PBXGroup;
			children = (
				C13370EC25797EA2001A2A86 /* LMapp_for_VK */,
				C13370EB25797EA2001A2A86 /* Products */,
				139F926CB29118F9B832ECAF /* Pods */,
				87A5C4C8E3A914CBBE509449 /* Frameworks */,
			);
			sourceTree = "<group>";
		};
		C13370EB25797EA2001A2A86 /* Products */ = {
			isa = PBXGroup;
			children = (
				C13370EA25797EA2001A2A86 /* LMapp_for_VK.app */,
			);
			name = Products;
			sourceTree = "<group>";
		};
		C13370EC25797EA2001A2A86 /* LMapp_for_VK */ = {
			isa = PBXGroup;
			children = (
				C1AAF79D25DE402000339950 /* CommonStaff */,
				C1B8789C25DD49CB0000A3E9 /* NetApp */,
				C13370FB25797EA5001A2A86 /* Info.plist */,
			);
			path = LMapp_for_VK;
			sourceTree = "<group>";
		};
		C13CCC5F2608A8C80033D8C3 /* NetNews */ = {
			isa = PBXGroup;
			children = (
				C1E190B7260B5B0C00D80C17 /* NetNewsPostCell.swift */,
				C1E190B8260B5B0C00D80C17 /* NetNewsPostCell.xib */,
				C167F846260C4A9D009C2272 /* NetNewsController.swift */,
			);
			path = NetNews;
			sourceTree = "<group>";
		};
		C13CCC602608A8F40033D8C3 /* NetUserGroups */ = {
			isa = PBXGroup;
			children = (
				C13CCC652609B5530033D8C3 /* UserGroupController.swift */,
				C13CCC692609B6F80033D8C3 /* UserGroupCell.swift */,
			);
			path = NetUserGroups;
			sourceTree = "<group>";
		};
		C14ED60625DFD2BE00509292 /* NetFriendPhoto */ = {
			isa = PBXGroup;
			children = (
				C14ED60A25DFD37A00509292 /* FriendPhotoController.swift */,
				C14ED60D25DFD41000509292 /* FriendPhotoCell.swift */,
				C14ED61125DFD44600509292 /* ShowPhotoImageView.swift */,
			);
			path = NetFriendPhoto;
			sourceTree = "<group>";
		};
		C16983FA25E6702D000FD74F /* Databases */ = {
			isa = PBXGroup;
			children = (
				C16983FB25E6704C000FD74F /* UsersDB.swift */,
				C1E190BE260B6BA000D80C17 /* NewsDB.swift */,
			);
			path = Databases;
			sourceTree = "<group>";
		};
		C1A6C40225C894DE00156FEB /* Network */ = {
			isa = PBXGroup;
			children = (
				C1A6C40725C898C100156FEB /* NetworkManager.swift */,
				C1A6C40325C8952100156FEB /* StartNetworkController.swift */,
			);
			path = Network;
			sourceTree = "<group>";
		};
		C1AAF79D25DE402000339950 /* CommonStaff */ = {
			isa = PBXGroup;
			children = (
				C16983FA25E6702D000FD74F /* Databases */,
				504E540D258CC5E20075D76A /* Customs */,
				C13370EF25797EA2001A2A86 /* SceneDelegate.swift */,
				C13370ED25797EA2001A2A86 /* AppDelegate.swift */,
				C13370F325797EA2001A2A86 /* Main.storyboard */,
				C13370F625797EA5001A2A86 /* Assets.xcassets */,
				C13370F825797EA5001A2A86 /* LaunchScreen.storyboard */,
			);
			path = CommonStaff;
			sourceTree = "<group>";
		};
		C1B8788A25DCDD1E0000A3E9 /* NetDataModel */ = {
			isa = PBXGroup;
			children = (
				C1B8788B25DCDD420000A3E9 /* NetUserVK.swift */,
				C1AAF7A325DE4B5000339950 /* NetGroupVK.swift */,
				C1B8789825DD128B0000A3E9 /* NetSession.swift */,
				C1AAF7BA25DE9AFF00339950 /* NetFriendsVK.swift */,
				C13CCC6F260B3C200033D8C3 /* NetNews.swift */,
				C167F84B261256F1009C2272 /* NetPhotos.swift */,
			);
			path = NetDataModel;
			sourceTree = "<group>";
		};
		C1B8789025DCE31D0000A3E9 /* NetFriendsList */ = {
			isa = PBXGroup;
			children = (
				C1AAF7B325DE908A00339950 /* FriendListController.swift */,
				C1AAF7B725DE910100339950 /* FriendsListCell.swift */,
			);
			path = NetFriendsList;
			sourceTree = "<group>";
		};
		C1B8789C25DD49CB0000A3E9 /* NetApp */ = {
			isa = PBXGroup;
			children = (
				C12B4E6B26174991007BEAC3 /* Operations */,
				C13CCC602608A8F40033D8C3 /* NetUserGroups */,
				C13CCC5F2608A8C80033D8C3 /* NetNews */,
				C14ED60625DFD2BE00509292 /* NetFriendPhoto */,
				C1A6C40225C894DE00156FEB /* Network */,
				C1B8788A25DCDD1E0000A3E9 /* NetDataModel */,
				C1B8789025DCE31D0000A3E9 /* NetFriendsList */,
			);
			path = NetApp;
			sourceTree = "<group>";
		};
/* End PBXGroup section */

/* Begin PBXNativeTarget section */
		C13370E925797EA2001A2A86 /* LMapp_for_VK */ = {
			isa = PBXNativeTarget;
			buildConfigurationList = C13370FE25797EA5001A2A86 /* Build configuration list for PBXNativeTarget "LMapp_for_VK" */;
			buildPhases = (
				1C9CFB149A6858842C450F18 /* [CP] Check Pods Manifest.lock */,
				C13370E625797EA2001A2A86 /* Sources */,
				C13370E725797EA2001A2A86 /* Frameworks */,
				C13370E825797EA2001A2A86 /* Resources */,
				4B84433327D0200E40203957 /* [CP] Embed Pods Frameworks */,
			);
			buildRules = (
			);
			dependencies = (
			);
			name = LMapp_for_VK;
			productName = LMapp_weather;
			productReference = C13370EA25797EA2001A2A86 /* LMapp_for_VK.app */;
			productType = "com.apple.product-type.application";
		};
/* End PBXNativeTarget section */

/* Begin PBXProject section */
		C13370E225797EA2001A2A86 /* Project object */ = {
			isa = PBXProject;
			attributes = {
				LastSwiftUpdateCheck = 1220;
				LastUpgradeCheck = 1220;
				TargetAttributes = {
					C13370E925797EA2001A2A86 = {
						CreatedOnToolsVersion = 12.2;
					};
				};
			};
			buildConfigurationList = C13370E525797EA2001A2A86 /* Build configuration list for PBXProject "LMapp_for_VK" */;
			compatibilityVersion = "Xcode 9.3";
			developmentRegion = en;
			hasScannedForEncodings = 0;
			knownRegions = (
				en,
				Base,
			);
			mainGroup = C13370E125797EA2001A2A86;
			productRefGroup = C13370EB25797EA2001A2A86 /* Products */;
			projectDirPath = "";
			projectRoot = "";
			targets = (
				C13370E925797EA2001A2A86 /* LMapp_for_VK */,
			);
		};
/* End PBXProject section */

/* Begin PBXResourcesBuildPhase section */
		C13370E825797EA2001A2A86 /* Resources */ = {
			isa = PBXResourcesBuildPhase;
			buildActionMask = 2147483647;
			files = (
				C13370FA25797EA5001A2A86 /* LaunchScreen.storyboard in Resources */,
				C1E190BA260B5B0C00D80C17 /* NetNewsPostCell.xib in Resources */,
				C13370F725797EA5001A2A86 /* Assets.xcassets in Resources */,
				C13370F525797EA2001A2A86 /* Main.storyboard in Resources */,
			);
			runOnlyForDeploymentPostprocessing = 0;
		};
/* End PBXResourcesBuildPhase section */

/* Begin PBXShellScriptBuildPhase section */
		1C9CFB149A6858842C450F18 /* [CP] Check Pods Manifest.lock */ = {
			isa = PBXShellScriptBuildPhase;
			buildActionMask = 2147483647;
			files = (
			);
			inputFileListPaths = (
			);
			inputPaths = (
				"${PODS_PODFILE_DIR_PATH}/Podfile.lock",
				"${PODS_ROOT}/Manifest.lock",
			);
			name = "[CP] Check Pods Manifest.lock";
			outputFileListPaths = (
			);
			outputPaths = (
				"$(DERIVED_FILE_DIR)/Pods-LMapp_for_VK-checkManifestLockResult.txt",
			);
			runOnlyForDeploymentPostprocessing = 0;
			shellPath = /bin/sh;
			shellScript = "diff \"${PODS_PODFILE_DIR_PATH}/Podfile.lock\" \"${PODS_ROOT}/Manifest.lock\" > /dev/null\nif [ $? != 0 ] ; then\n    # print error to STDERR\n    echo \"error: The sandbox is not in sync with the Podfile.lock. Run 'pod install' or update your CocoaPods installation.\" >&2\n    exit 1\nfi\n# This output is used by Xcode 'outputs' to avoid re-running this script phase.\necho \"SUCCESS\" > \"${SCRIPT_OUTPUT_FILE_0}\"\n";
			showEnvVarsInLog = 0;
		};
		4B84433327D0200E40203957 /* [CP] Embed Pods Frameworks */ = {
			isa = PBXShellScriptBuildPhase;
			buildActionMask = 2147483647;
			files = (
			);
			inputFileListPaths = (
				"${PODS_ROOT}/Target Support Files/Pods-LMapp_for_VK/Pods-LMapp_for_VK-frameworks-${CONFIGURATION}-input-files.xcfilelist",
			);
			name = "[CP] Embed Pods Frameworks";
			outputFileListPaths = (
				"${PODS_ROOT}/Target Support Files/Pods-LMapp_for_VK/Pods-LMapp_for_VK-frameworks-${CONFIGURATION}-output-files.xcfilelist",
			);
			runOnlyForDeploymentPostprocessing = 0;
			shellPath = /bin/sh;
			shellScript = "\"${PODS_ROOT}/Target Support Files/Pods-LMapp_for_VK/Pods-LMapp_for_VK-frameworks.sh\"\n";
			showEnvVarsInLog = 0;
		};
/* End PBXShellScriptBuildPhase section */

/* Begin PBXSourcesBuildPhase section */
		C13370E625797EA2001A2A86 /* Sources */ = {
			isa = PBXSourcesBuildPhase;
			buildActionMask = 2147483647;
			files = (
				C1E190BF260B6BA000D80C17 /* NewsDB.swift in Sources */,
				C16983FC25E6704C000FD74F /* UsersDB.swift in Sources */,
				C1B8789925DD128B0000A3E9 /* NetSession.swift in Sources */,
				C167F84C261256F1009C2272 /* NetPhotos.swift in Sources */,
				505C6206258F3CDA00BE727B /* LikeControl.swift in Sources */,
				C14ED61225DFD44600509292 /* ShowPhotoImageView.swift in Sources */,
				C12B4E6D261749BB007BEAC3 /* AsyncOperation.swift in Sources */,
				C1B8788C25DCDD420000A3E9 /* NetUserVK.swift in Sources */,
				C14ED60E25DFD41000509292 /* FriendPhotoCell.swift in Sources */,
				C1AAF7BB25DE9AFF00339950 /* NetFriendsVK.swift in Sources */,
				C1AAF7B825DE910100339950 /* FriendsListCell.swift in Sources */,
				C14ED60B25DFD37A00509292 /* FriendPhotoController.swift in Sources */,
				C13370EE25797EA2001A2A86 /* AppDelegate.swift in Sources */,
				C12B4E7126174DDB007BEAC3 /* DataParseOperation.swift in Sources */,
				C1E190B9260B5B0C00D80C17 /* NetNewsPostCell.swift in Sources */,
				C13CCC70260B3C200033D8C3 /* NetNews.swift in Sources */,
				C1A6C40825C898C100156FEB /* NetworkManager.swift in Sources */,
				C13CCC662609B5530033D8C3 /* UserGroupController.swift in Sources */,
				503CF0E6258B5E47008AC9D7 /* AvatarView.swift in Sources */,
				C1AAF7B425DE908A00339950 /* FriendListController.swift in Sources */,
				C12B4E742617525D007BEAC3 /* AddRealmObjectsOperation.swift in Sources */,
				C1AAF7A425DE4B5000339950 /* NetGroupVK.swift in Sources */,
				C13CCC6A2609B6F80033D8C3 /* UserGroupCell.swift in Sources */,
				C13370F025797EA2001A2A86 /* SceneDelegate.swift in Sources */,
				C12B4E66261746F3007BEAC3 /* GetFriendsOperation.swift in Sources */,
				C1A6C40425C8952100156FEB /* StartNetworkController.swift in Sources */,
				50EF397E258770B400E80D78 /* CurrentUserView.swift in Sources */,
				C167F847260C4A9D009C2272 /* NetNewsController.swift in Sources */,
				C12B4E7A2619010E007BEAC3 /* ReloadFriendsTableOperation.swift in Sources */,
				505C6202258CD42700BE727B /* BackGroundAvatarView.swift in Sources */,
				C110531D25B0D7C30035979E /* ThreeDotLoadingIndicator.swift in Sources */,
			);
			runOnlyForDeploymentPostprocessing = 0;
		};
/* End PBXSourcesBuildPhase section */

/* Begin PBXVariantGroup section */
		C13370F325797EA2001A2A86 /* Main.storyboard */ = {
			isa = PBXVariantGroup;
			children = (
				C13370F425797EA2001A2A86 /* Base */,
			);
			name = Main.storyboard;
			sourceTree = "<group>";
		};
		C13370F825797EA5001A2A86 /* LaunchScreen.storyboard */ = {
			isa = PBXVariantGroup;
			children = (
				C13370F925797EA5001A2A86 /* Base */,
			);
			name = LaunchScreen.storyboard;
			sourceTree = "<group>";
		};
/* End PBXVariantGroup section */

/* Begin XCBuildConfiguration section */
		C13370FC25797EA5001A2A86 /* Debug */ = {
			isa = XCBuildConfiguration;
			buildSettings = {
				ALWAYS_SEARCH_USER_PATHS = NO;
				CLANG_ANALYZER_NONNULL = YES;
				CLANG_ANALYZER_NUMBER_OBJECT_CONVERSION = YES_AGGRESSIVE;
				CLANG_CXX_LANGUAGE_STANDARD = "gnu++14";
				CLANG_CXX_LIBRARY = "libc++";
				CLANG_ENABLE_MODULES = YES;
				CLANG_ENABLE_OBJC_ARC = YES;
				CLANG_ENABLE_OBJC_WEAK = YES;
				CLANG_WARN_BLOCK_CAPTURE_AUTORELEASING = YES;
				CLANG_WARN_BOOL_CONVERSION = YES;
				CLANG_WARN_COMMA = YES;
				CLANG_WARN_CONSTANT_CONVERSION = YES;
				CLANG_WARN_DEPRECATED_OBJC_IMPLEMENTATIONS = YES;
				CLANG_WARN_DIRECT_OBJC_ISA_USAGE = YES_ERROR;
				CLANG_WARN_DOCUMENTATION_COMMENTS = YES;
				CLANG_WARN_EMPTY_BODY = YES;
				CLANG_WARN_ENUM_CONVERSION = YES;
				CLANG_WARN_INFINITE_RECURSION = YES;
				CLANG_WARN_INT_CONVERSION = YES;
				CLANG_WARN_NON_LITERAL_NULL_CONVERSION = YES;
				CLANG_WARN_OBJC_IMPLICIT_RETAIN_SELF = YES;
				CLANG_WARN_OBJC_LITERAL_CONVERSION = YES;
				CLANG_WARN_OBJC_ROOT_CLASS = YES_ERROR;
				CLANG_WARN_QUOTED_INCLUDE_IN_FRAMEWORK_HEADER = YES;
				CLANG_WARN_RANGE_LOOP_ANALYSIS = YES;
				CLANG_WARN_STRICT_PROTOTYPES = YES;
				CLANG_WARN_SUSPICIOUS_MOVE = YES;
				CLANG_WARN_UNGUARDED_AVAILABILITY = YES_AGGRESSIVE;
				CLANG_WARN_UNREACHABLE_CODE = YES;
				CLANG_WARN__DUPLICATE_METHOD_MATCH = YES;
				COPY_PHASE_STRIP = NO;
				DEBUG_INFORMATION_FORMAT = dwarf;
				ENABLE_STRICT_OBJC_MSGSEND = YES;
				ENABLE_TESTABILITY = YES;
				GCC_C_LANGUAGE_STANDARD = gnu11;
				GCC_DYNAMIC_NO_PIC = NO;
				GCC_NO_COMMON_BLOCKS = YES;
				GCC_OPTIMIZATION_LEVEL = 0;
				GCC_PREPROCESSOR_DEFINITIONS = (
					"DEBUG=1",
					"$(inherited)",
				);
				GCC_WARN_64_TO_32_BIT_CONVERSION = YES;
				GCC_WARN_ABOUT_RETURN_TYPE = YES_ERROR;
				GCC_WARN_UNDECLARED_SELECTOR = YES;
				GCC_WARN_UNINITIALIZED_AUTOS = YES_AGGRESSIVE;
				GCC_WARN_UNUSED_FUNCTION = YES;
				GCC_WARN_UNUSED_VARIABLE = YES;
				IPHONEOS_DEPLOYMENT_TARGET = 14.2;
				MTL_ENABLE_DEBUG_INFO = INCLUDE_SOURCE;
				MTL_FAST_MATH = YES;
				ONLY_ACTIVE_ARCH = YES;
				SDKROOT = iphoneos;
				SWIFT_ACTIVE_COMPILATION_CONDITIONS = DEBUG;
				SWIFT_OPTIMIZATION_LEVEL = "-Onone";
			};
			name = Debug;
		};
		C13370FD25797EA5001A2A86 /* Release */ = {
			isa = XCBuildConfiguration;
			buildSettings = {
				ALWAYS_SEARCH_USER_PATHS = NO;
				CLANG_ANALYZER_NONNULL = YES;
				CLANG_ANALYZER_NUMBER_OBJECT_CONVERSION = YES_AGGRESSIVE;
				CLANG_CXX_LANGUAGE_STANDARD = "gnu++14";
				CLANG_CXX_LIBRARY = "libc++";
				CLANG_ENABLE_MODULES = YES;
				CLANG_ENABLE_OBJC_ARC = YES;
				CLANG_ENABLE_OBJC_WEAK = YES;
				CLANG_WARN_BLOCK_CAPTURE_AUTORELEASING = YES;
				CLANG_WARN_BOOL_CONVERSION = YES;
				CLANG_WARN_COMMA = YES;
				CLANG_WARN_CONSTANT_CONVERSION = YES;
				CLANG_WARN_DEPRECATED_OBJC_IMPLEMENTATIONS = YES;
				CLANG_WARN_DIRECT_OBJC_ISA_USAGE = YES_ERROR;
				CLANG_WARN_DOCUMENTATION_COMMENTS = YES;
				CLANG_WARN_EMPTY_BODY = YES;
				CLANG_WARN_ENUM_CONVERSION = YES;
				CLANG_WARN_INFINITE_RECURSION = YES;
				CLANG_WARN_INT_CONVERSION = YES;
				CLANG_WARN_NON_LITERAL_NULL_CONVERSION = YES;
				CLANG_WARN_OBJC_IMPLICIT_RETAIN_SELF = YES;
				CLANG_WARN_OBJC_LITERAL_CONVERSION = YES;
				CLANG_WARN_OBJC_ROOT_CLASS = YES_ERROR;
				CLANG_WARN_QUOTED_INCLUDE_IN_FRAMEWORK_HEADER = YES;
				CLANG_WARN_RANGE_LOOP_ANALYSIS = YES;
				CLANG_WARN_STRICT_PROTOTYPES = YES;
				CLANG_WARN_SUSPICIOUS_MOVE = YES;
				CLANG_WARN_UNGUARDED_AVAILABILITY = YES_AGGRESSIVE;
				CLANG_WARN_UNREACHABLE_CODE = YES;
				CLANG_WARN__DUPLICATE_METHOD_MATCH = YES;
				COPY_PHASE_STRIP = NO;
				DEBUG_INFORMATION_FORMAT = "dwarf-with-dsym";
				ENABLE_NS_ASSERTIONS = NO;
				ENABLE_STRICT_OBJC_MSGSEND = YES;
				GCC_C_LANGUAGE_STANDARD = gnu11;
				GCC_NO_COMMON_BLOCKS = YES;
				GCC_WARN_64_TO_32_BIT_CONVERSION = YES;
				GCC_WARN_ABOUT_RETURN_TYPE = YES_ERROR;
				GCC_WARN_UNDECLARED_SELECTOR = YES;
				GCC_WARN_UNINITIALIZED_AUTOS = YES_AGGRESSIVE;
				GCC_WARN_UNUSED_FUNCTION = YES;
				GCC_WARN_UNUSED_VARIABLE = YES;
				IPHONEOS_DEPLOYMENT_TARGET = 14.2;
				MTL_ENABLE_DEBUG_INFO = NO;
				MTL_FAST_MATH = YES;
				SDKROOT = iphoneos;
				SWIFT_COMPILATION_MODE = wholemodule;
				SWIFT_OPTIMIZATION_LEVEL = "-O";
				VALIDATE_PRODUCT = YES;
			};
			name = Release;
		};
		C13370FF25797EA5001A2A86 /* Debug */ = {
			isa = XCBuildConfiguration;
			baseConfigurationReference = E4A0A60B685B44FC4EB2185E /* Pods-LMapp_for_VK.debug.xcconfig */;
			buildSettings = {
				ASSETCATALOG_COMPILER_APPICON_NAME = AppIcon;
				ASSETCATALOG_COMPILER_GLOBAL_ACCENT_COLOR_NAME = AccentColor;
				CODE_SIGN_STYLE = Automatic;
				DEVELOPMENT_TEAM = CK743H6YQY;
				INFOPLIST_FILE = LMapp_for_VK/Info.plist;
				IPHONEOS_DEPLOYMENT_TARGET = 14.3;
				LD_RUNPATH_SEARCH_PATHS = (
					"$(inherited)",
					"@executable_path/Frameworks",
				);
				PRODUCT_BUNDLE_IDENTIFIER = "com.losev-maksim.LMapp-for-VK";
				PRODUCT_NAME = "$(TARGET_NAME)";
				SWIFT_VERSION = 5.0;
				TARGETED_DEVICE_FAMILY = 1;
			};
			name = Debug;
		};
		C133710025797EA5001A2A86 /* Release */ = {
			isa = XCBuildConfiguration;
			baseConfigurationReference = F18C15BD45F7CD8D8596F69D /* Pods-LMapp_for_VK.release.xcconfig */;
			buildSettings = {
				ASSETCATALOG_COMPILER_APPICON_NAME = AppIcon;
				ASSETCATALOG_COMPILER_GLOBAL_ACCENT_COLOR_NAME = AccentColor;
				CODE_SIGN_STYLE = Automatic;
				DEVELOPMENT_TEAM = CK743H6YQY;
				INFOPLIST_FILE = LMapp_for_VK/Info.plist;
				IPHONEOS_DEPLOYMENT_TARGET = 14.3;
				LD_RUNPATH_SEARCH_PATHS = (
					"$(inherited)",
					"@executable_path/Frameworks",
				);
				PRODUCT_BUNDLE_IDENTIFIER = "com.losev-maksim.LMapp-for-VK";
				PRODUCT_NAME = "$(TARGET_NAME)";
				SWIFT_VERSION = 5.0;
				TARGETED_DEVICE_FAMILY = 1;
			};
			name = Release;
		};
/* End XCBuildConfiguration section */

/* Begin XCConfigurationList section */
		C13370E525797EA2001A2A86 /* Build configuration list for PBXProject "LMapp_for_VK" */ = {
			isa = XCConfigurationList;
			buildConfigurations = (
				C13370FC25797EA5001A2A86 /* Debug */,
				C13370FD25797EA5001A2A86 /* Release */,
			);
			defaultConfigurationIsVisible = 0;
			defaultConfigurationName = Release;
		};
		C13370FE25797EA5001A2A86 /* Build configuration list for PBXNativeTarget "LMapp_for_VK" */ = {
			isa = XCConfigurationList;
			buildConfigurations = (
				C13370FF25797EA5001A2A86 /* Debug */,
				C133710025797EA5001A2A86 /* Release */,
			);
			defaultConfigurationIsVisible = 0;
			defaultConfigurationName = Release;
		};
/* End XCConfigurationList section */
	};
	rootObject = C13370E225797EA2001A2A86 /* Project object */;
}
